// !$*UTF8*$!
{
	archiveVersion = 1;
	classes = {
	};
	objectVersion = 50;
	objects = {

/* Begin PBXBuildFile section */
		BCAADB772630C31F00BEB425 /* AppDelegate.swift in Sources */ = {isa = PBXBuildFile; fileRef = BCAADB762630C31F00BEB425 /* AppDelegate.swift */; };
		BCAADB792630C31F00BEB425 /* SceneDelegate.swift in Sources */ = {isa = PBXBuildFile; fileRef = BCAADB782630C31F00BEB425 /* SceneDelegate.swift */; };
		BCAADB7E2630C31F00BEB425 /* Main.storyboard in Resources */ = {isa = PBXBuildFile; fileRef = BCAADB7C2630C31F00BEB425 /* Main.storyboard */; };
		BCAADB802630C32000BEB425 /* Assets.xcassets in Resources */ = {isa = PBXBuildFile; fileRef = BCAADB7F2630C32000BEB425 /* Assets.xcassets */; };
		BCAADB832630C32000BEB425 /* LaunchScreen.storyboard in Resources */ = {isa = PBXBuildFile; fileRef = BCAADB812630C32000BEB425 /* LaunchScreen.storyboard */; };
		BCAADB8E2630C77D00BEB425 /* ConversorVC.swift in Sources */ = {isa = PBXBuildFile; fileRef = BCAADB8D2630C77D00BEB425 /* ConversorVC.swift */; };
		BCAADB912630CA8400BEB425 /* ListagemMoedasVC.swift in Sources */ = {isa = PBXBuildFile; fileRef = BCAADB902630CA8400BEB425 /* ListagemMoedasVC.swift */; };
		BCAADB952630CD5F00BEB425 /* ListagemMoedasVM.swift in Sources */ = {isa = PBXBuildFile; fileRef = BCAADB942630CD5F00BEB425 /* ListagemMoedasVM.swift */; };
		BCAADB982630CE2200BEB425 /* ListagemMoedasWorker.swift in Sources */ = {isa = PBXBuildFile; fileRef = BCAADB972630CE2200BEB425 /* ListagemMoedasWorker.swift */; };
		BCAADB9B2630CEEC00BEB425 /* ListCurrency.swift in Sources */ = {isa = PBXBuildFile; fileRef = BCAADB9A2630CEEC00BEB425 /* ListCurrency.swift */; };
/* End PBXBuildFile section */

/* Begin PBXFileReference section */
		BCAADB732630C31F00BEB425 /* Conversor Moedas.app */ = {isa = PBXFileReference; explicitFileType = wrapper.application; includeInIndex = 0; path = "Conversor Moedas.app"; sourceTree = BUILT_PRODUCTS_DIR; };
		BCAADB762630C31F00BEB425 /* AppDelegate.swift */ = {isa = PBXFileReference; lastKnownFileType = sourcecode.swift; path = AppDelegate.swift; sourceTree = "<group>"; };
		BCAADB782630C31F00BEB425 /* SceneDelegate.swift */ = {isa = PBXFileReference; lastKnownFileType = sourcecode.swift; path = SceneDelegate.swift; sourceTree = "<group>"; };
		BCAADB7D2630C31F00BEB425 /* Base */ = {isa = PBXFileReference; lastKnownFileType = file.storyboard; name = Base; path = Base.lproj/Main.storyboard; sourceTree = "<group>"; };
		BCAADB7F2630C32000BEB425 /* Assets.xcassets */ = {isa = PBXFileReference; lastKnownFileType = folder.assetcatalog; path = Assets.xcassets; sourceTree = "<group>"; };
		BCAADB822630C32000BEB425 /* Base */ = {isa = PBXFileReference; lastKnownFileType = file.storyboard; name = Base; path = Base.lproj/LaunchScreen.storyboard; sourceTree = "<group>"; };
		BCAADB842630C32000BEB425 /* Info.plist */ = {isa = PBXFileReference; lastKnownFileType = text.plist.xml; path = Info.plist; sourceTree = "<group>"; };
		BCAADB8D2630C77D00BEB425 /* ConversorVC.swift */ = {isa = PBXFileReference; lastKnownFileType = sourcecode.swift; path = ConversorVC.swift; sourceTree = "<group>"; };
		BCAADB902630CA8400BEB425 /* ListagemMoedasVC.swift */ = {isa = PBXFileReference; lastKnownFileType = sourcecode.swift; path = ListagemMoedasVC.swift; sourceTree = "<group>"; };
		BCAADB942630CD5F00BEB425 /* ListagemMoedasVM.swift */ = {isa = PBXFileReference; lastKnownFileType = sourcecode.swift; path = ListagemMoedasVM.swift; sourceTree = "<group>"; };
		BCAADB972630CE2200BEB425 /* ListagemMoedasWorker.swift */ = {isa = PBXFileReference; lastKnownFileType = sourcecode.swift; path = ListagemMoedasWorker.swift; sourceTree = "<group>"; };
		BCAADB9A2630CEEC00BEB425 /* ListCurrency.swift */ = {isa = PBXFileReference; lastKnownFileType = sourcecode.swift; path = ListCurrency.swift; sourceTree = "<group>"; };
/* End PBXFileReference section */

/* Begin PBXFrameworksBuildPhase section */
		BCAADB702630C31F00BEB425 /* Frameworks */ = {
			isa = PBXFrameworksBuildPhase;
			buildActionMask = 2147483647;
			files = (
			);
			runOnlyForDeploymentPostprocessing = 0;
		};
/* End PBXFrameworksBuildPhase section */

/* Begin PBXGroup section */
		BCAADB6A2630C31E00BEB425 = {
			isa = PBXGroup;
			children = (
				BCAADB752630C31F00BEB425 /* Conversor Moedas */,
				BCAADB742630C31F00BEB425 /* Products */,
			);
			sourceTree = "<group>";
		};
		BCAADB742630C31F00BEB425 /* Products */ = {
			isa = PBXGroup;
			children = (
				BCAADB732630C31F00BEB425 /* Conversor Moedas.app */,
			);
			name = Products;
			sourceTree = "<group>";
		};
		BCAADB752630C31F00BEB425 /* Conversor Moedas */ = {
			isa = PBXGroup;
			children = (
				BCAADB762630C31F00BEB425 /* AppDelegate.swift */,
				BCAADB782630C31F00BEB425 /* SceneDelegate.swift */,
				BCAADB7C2630C31F00BEB425 /* Main.storyboard */,
				BCAADB9A2630CEEC00BEB425 /* ListCurrency.swift */,
				BCAADB8D2630C77D00BEB425 /* ConversorVC.swift */,
				BCAADB902630CA8400BEB425 /* ListagemMoedasVC.swift */,
				BCAADB942630CD5F00BEB425 /* ListagemMoedasVM.swift */,
				BCAADB972630CE2200BEB425 /* ListagemMoedasWorker.swift */,
				BCAADB7F2630C32000BEB425 /* Assets.xcassets */,
				BCAADB812630C32000BEB425 /* LaunchScreen.storyboard */,
				BCAADB842630C32000BEB425 /* Info.plist */,
			);
			path = "Conversor Moedas";
			sourceTree = "<group>";
		};
/* End PBXGroup section */

/* Begin PBXNativeTarget section */
		BCAADB722630C31F00BEB425 /* Conversor Moedas */ = {
			isa = PBXNativeTarget;
			buildConfigurationList = BCAADB872630C32000BEB425 /* Build configuration list for PBXNativeTarget "Conversor Moedas" */;
			buildPhases = (
				BCAADB6F2630C31F00BEB425 /* Sources */,
				BCAADB702630C31F00BEB425 /* Frameworks */,
				BCAADB712630C31F00BEB425 /* Resources */,
			);
			buildRules = (
			);
			dependencies = (
			);
			name = "Conversor Moedas";
			productName = "Conversor Moedas";
			productReference = BCAADB732630C31F00BEB425 /* Conversor Moedas.app */;
			productType = "com.apple.product-type.application";
		};
/* End PBXNativeTarget section */

/* Begin PBXProject section */
		BCAADB6B2630C31E00BEB425 /* Project object */ = {
			isa = PBXProject;
			attributes = {
				LastSwiftUpdateCheck = 1240;
				LastUpgradeCheck = 1240;
				TargetAttributes = {
					BCAADB722630C31F00BEB425 = {
						CreatedOnToolsVersion = 12.4;
					};
				};
			};
			buildConfigurationList = BCAADB6E2630C31E00BEB425 /* Build configuration list for PBXProject "Conversor Moedas" */;
			compatibilityVersion = "Xcode 9.3";
			developmentRegion = en;
			hasScannedForEncodings = 0;
			knownRegions = (
				en,
				Base,
			);
			mainGroup = BCAADB6A2630C31E00BEB425;
			productRefGroup = BCAADB742630C31F00BEB425 /* Products */;
			projectDirPath = "";
			projectRoot = "";
			targets = (
				BCAADB722630C31F00BEB425 /* Conversor Moedas */,
			);
		};
/* End PBXProject section */

/* Begin PBXResourcesBuildPhase section */
		BCAADB712630C31F00BEB425 /* Resources */ = {
			isa = PBXResourcesBuildPhase;
			buildActionMask = 2147483647;
			files = (
				BCAADB832630C32000BEB425 /* LaunchScreen.storyboard in Resources */,
				BCAADB802630C32000BEB425 /* Assets.xcassets in Resources */,
				BCAADB7E2630C31F00BEB425 /* Main.storyboard in Resources */,
			);
			runOnlyForDeploymentPostprocessing = 0;
		};
/* End PBXResourcesBuildPhase section */

/* Begin PBXSourcesBuildPhase section */
		BCAADB6F2630C31F00BEB425 /* Sources */ = {
			isa = PBXSourcesBuildPhase;
			buildActionMask = 2147483647;
			files = (
				BCAADB772630C31F00BEB425 /* AppDelegate.swift in Sources */,
				BCAADB9B2630CEEC00BEB425 /* ListCurrency.swift in Sources */,
				BCAADB912630CA8400BEB425 /* ListagemMoedasVC.swift in Sources */,
				BCAADB8E2630C77D00BEB425 /* ConversorVC.swift in Sources */,
				BCAADB952630CD5F00BEB425 /* ListagemMoedasVM.swift in Sources */,
				BCAADB982630CE2200BEB425 /* ListagemMoedasWorker.swift in Sources */,
				BCAADB792630C31F00BEB425 /* SceneDelegate.swift in Sources */,
			);
			runOnlyForDeploymentPostprocessing = 0;
		};
/* End PBXSourcesBuildPhase section */

/* Begin PBXVariantGroup section */
		BCAADB7C2630C31F00BEB425 /* Main.storyboard */ = {
			isa = PBXVariantGroup;
			children = (
				BCAADB7D2630C31F00BEB425 /* Base */,
			);
			name = Main.storyboard;
			sourceTree = "<group>";
		};
		BCAADB812630C32000BEB425 /* LaunchScreen.storyboard */ = {
			isa = PBXVariantGroup;
			children = (
				BCAADB822630C32000BEB425 /* Base */,
			);
			name = LaunchScreen.storyboard;
			sourceTree = "<group>";
		};
/* End PBXVariantGroup section */

/* Begin XCBuildConfiguration section */
		BCAADB852630C32000BEB425 /* Debug */ = {
			isa = XCBuildConfiguration;
			buildSettings = {
				ALWAYS_SEARCH_USER_PATHS = NO;
				CLANG_ANALYZER_NONNULL = YES;
				CLANG_ANALYZER_NUMBER_OBJECT_CONVERSION = YES_AGGRESSIVE;
				CLANG_CXX_LANGUAGE_STANDARD = "gnu++14";
				CLANG_CXX_LIBRARY = "libc++";
				CLANG_ENABLE_MODULES = YES;
				CLANG_ENABLE_OBJC_ARC = YES;
				CLANG_ENABLE_OBJC_WEAK = YES;
				CLANG_WARN_BLOCK_CAPTURE_AUTORELEASING = YES;
				CLANG_WARN_BOOL_CONVERSION = YES;
				CLANG_WARN_COMMA = YES;
				CLANG_WARN_CONSTANT_CONVERSION = YES;
				CLANG_WARN_DEPRECATED_OBJC_IMPLEMENTATIONS = YES;
				CLANG_WARN_DIRECT_OBJC_ISA_USAGE = YES_ERROR;
				CLANG_WARN_DOCUMENTATION_COMMENTS = YES;
				CLANG_WARN_EMPTY_BODY = YES;
				CLANG_WARN_ENUM_CONVERSION = YES;
				CLANG_WARN_INFINITE_RECURSION = YES;
				CLANG_WARN_INT_CONVERSION = YES;
				CLANG_WARN_NON_LITERAL_NULL_CONVERSION = YES;
				CLANG_WARN_OBJC_IMPLICIT_RETAIN_SELF = YES;
				CLANG_WARN_OBJC_LITERAL_CONVERSION = YES;
				CLANG_WARN_OBJC_ROOT_CLASS = YES_ERROR;
				CLANG_WARN_QUOTED_INCLUDE_IN_FRAMEWORK_HEADER = YES;
				CLANG_WARN_RANGE_LOOP_ANALYSIS = YES;
				CLANG_WARN_STRICT_PROTOTYPES = YES;
				CLANG_WARN_SUSPICIOUS_MOVE = YES;
				CLANG_WARN_UNGUARDED_AVAILABILITY = YES_AGGRESSIVE;
				CLANG_WARN_UNREACHABLE_CODE = YES;
				CLANG_WARN__DUPLICATE_METHOD_MATCH = YES;
				COPY_PHASE_STRIP = NO;
				DEBUG_INFORMATION_FORMAT = dwarf;
				ENABLE_STRICT_OBJC_MSGSEND = YES;
				ENABLE_TESTABILITY = YES;
				GCC_C_LANGUAGE_STANDARD = gnu11;
				GCC_DYNAMIC_NO_PIC = NO;
				GCC_NO_COMMON_BLOCKS = YES;
				GCC_OPTIMIZATION_LEVEL = 0;
				GCC_PREPROCESSOR_DEFINITIONS = (
					"DEBUG=1",
					"$(inherited)",
				);
				GCC_WARN_64_TO_32_BIT_CONVERSION = YES;
				GCC_WARN_ABOUT_RETURN_TYPE = YES_ERROR;
				GCC_WARN_UNDECLARED_SELECTOR = YES;
				GCC_WARN_UNINITIALIZED_AUTOS = YES_AGGRESSIVE;
				GCC_WARN_UNUSED_FUNCTION = YES;
				GCC_WARN_UNUSED_VARIABLE = YES;
				IPHONEOS_DEPLOYMENT_TARGET = 14.4;
				MTL_ENABLE_DEBUG_INFO = INCLUDE_SOURCE;
				MTL_FAST_MATH = YES;
				ONLY_ACTIVE_ARCH = YES;
				SDKROOT = iphoneos;
				SWIFT_ACTIVE_COMPILATION_CONDITIONS = DEBUG;
				SWIFT_OPTIMIZATION_LEVEL = "-Onone";
			};
			name = Debug;
		};
		BCAADB862630C32000BEB425 /* Release */ = {
			isa = XCBuildConfiguration;
			buildSettings = {
				ALWAYS_SEARCH_USER_PATHS = NO;
				CLANG_ANALYZER_NONNULL = YES;
				CLANG_ANALYZER_NUMBER_OBJECT_CONVERSION = YES_AGGRESSIVE;
				CLANG_CXX_LANGUAGE_STANDARD = "gnu++14";
				CLANG_CXX_LIBRARY = "libc++";
				CLANG_ENABLE_MODULES = YES;
				CLANG_ENABLE_OBJC_ARC = YES;
				CLANG_ENABLE_OBJC_WEAK = YES;
				CLANG_WARN_BLOCK_CAPTURE_AUTORELEASING = YES;
				CLANG_WARN_BOOL_CONVERSION = YES;
				CLANG_WARN_COMMA = YES;
				CLANG_WARN_CONSTANT_CONVERSION = YES;
				CLANG_WARN_DEPRECATED_OBJC_IMPLEMENTATIONS = YES;
				CLANG_WARN_DIRECT_OBJC_ISA_USAGE = YES_ERROR;
				CLANG_WARN_DOCUMENTATION_COMMENTS = YES;
				CLANG_WARN_EMPTY_BODY = YES;
				CLANG_WARN_ENUM_CONVERSION = YES;
				CLANG_WARN_INFINITE_RECURSION = YES;
				CLANG_WARN_INT_CONVERSION = YES;
				CLANG_WARN_NON_LITERAL_NULL_CONVERSION = YES;
				CLANG_WARN_OBJC_IMPLICIT_RETAIN_SELF = YES;
				CLANG_WARN_OBJC_LITERAL_CONVERSION = YES;
				CLANG_WARN_OBJC_ROOT_CLASS = YES_ERROR;
				CLANG_WARN_QUOTED_INCLUDE_IN_FRAMEWORK_HEADER = YES;
				CLANG_WARN_RANGE_LOOP_ANALYSIS = YES;
				CLANG_WARN_STRICT_PROTOTYPES = YES;
				CLANG_WARN_SUSPICIOUS_MOVE = YES;
				CLANG_WARN_UNGUARDED_AVAILABILITY = YES_AGGRESSIVE;
				CLANG_WARN_UNREACHABLE_CODE = YES;
				CLANG_WARN__DUPLICATE_METHOD_MATCH = YES;
				COPY_PHASE_STRIP = NO;
				DEBUG_INFORMATION_FORMAT = "dwarf-with-dsym";
				ENABLE_NS_ASSERTIONS = NO;
				ENABLE_STRICT_OBJC_MSGSEND = YES;
				GCC_C_LANGUAGE_STANDARD = gnu11;
				GCC_NO_COMMON_BLOCKS = YES;
				GCC_WARN_64_TO_32_BIT_CONVERSION = YES;
				GCC_WARN_ABOUT_RETURN_TYPE = YES_ERROR;
				GCC_WARN_UNDECLARED_SELECTOR = YES;
				GCC_WARN_UNINITIALIZED_AUTOS = YES_AGGRESSIVE;
				GCC_WARN_UNUSED_FUNCTION = YES;
				GCC_WARN_UNUSED_VARIABLE = YES;
				IPHONEOS_DEPLOYMENT_TARGET = 14.4;
				MTL_ENABLE_DEBUG_INFO = NO;
				MTL_FAST_MATH = YES;
				SDKROOT = iphoneos;
				SWIFT_COMPILATION_MODE = wholemodule;
				SWIFT_OPTIMIZATION_LEVEL = "-O";
				VALIDATE_PRODUCT = YES;
			};
			name = Release;
		};
		BCAADB882630C32000BEB425 /* Debug */ = {
			isa = XCBuildConfiguration;
			buildSettings = {
				ASSETCATALOG_COMPILER_APPICON_NAME = AppIcon;
				ASSETCATALOG_COMPILER_GLOBAL_ACCENT_COLOR_NAME = AccentColor;
				CODE_SIGN_STYLE = Automatic;
				DEVELOPMENT_TEAM = 25XCUFMQUU;
				INFOPLIST_FILE = "Conversor Moedas/Info.plist";
				LD_RUNPATH_SEARCH_PATHS = (
					"$(inherited)",
					"@executable_path/Frameworks",
				);
				PRODUCT_BUNDLE_IDENTIFIER = "com.alexandrecardoso.Conversor-Moedas";
				PRODUCT_NAME = "$(TARGET_NAME)";
				SWIFT_VERSION = 5.0;
				TARGETED_DEVICE_FAMILY = 1;
			};
			name = Debug;
		};
		BCAADB892630C32000BEB425 /* Release */ = {
			isa = XCBuildConfiguration;
			buildSettings = {
				ASSETCATALOG_COMPILER_APPICON_NAME = AppIcon;
				ASSETCATALOG_COMPILER_GLOBAL_ACCENT_COLOR_NAME = AccentColor;
				CODE_SIGN_STYLE = Automatic;
				DEVELOPMENT_TEAM = 25XCUFMQUU;
				INFOPLIST_FILE = "Conversor Moedas/Info.plist";
				LD_RUNPATH_SEARCH_PATHS = (
					"$(inherited)",
					"@executable_path/Frameworks",
				);
				PRODUCT_BUNDLE_IDENTIFIER = "com.alexandrecardoso.Conversor-Moedas";
				PRODUCT_NAME = "$(TARGET_NAME)";
				SWIFT_VERSION = 5.0;
				TARGETED_DEVICE_FAMILY = 1;
			};
			name = Release;
		};
/* End XCBuildConfiguration section */

/* Begin XCConfigurationList section */
		BCAADB6E2630C31E00BEB425 /* Build configuration list for PBXProject "Conversor Moedas" */ = {
			isa = XCConfigurationList;
			buildConfigurations = (
				BCAADB852630C32000BEB425 /* Debug */,
				BCAADB862630C32000BEB425 /* Release */,
			);
			defaultConfigurationIsVisible = 0;
			defaultConfigurationName = Release;
		};
		BCAADB872630C32000BEB425 /* Build configuration list for PBXNativeTarget "Conversor Moedas" */ = {
			isa = XCConfigurationList;
			buildConfigurations = (
				BCAADB882630C32000BEB425 /* Debug */,
				BCAADB892630C32000BEB425 /* Release */,
			);
			defaultConfigurationIsVisible = 0;
			defaultConfigurationName = Release;
		};
/* End XCConfigurationList section */
	};
	rootObject = BCAADB6B2630C31E00BEB425 /* Project object */;
}
